
Microsoft Visual Studio Solution File, Format Version 12.00
# Visual Studio 14
VisualStudioVersion = 14.0.25420.1
MinimumVisualStudioVersion = 10.0.40219.1
Project("{9092AA53-FB77-4645-B42D-1CCCA6BD08BD}") = "Web", "Web\Web.njsproj", "{2D6649D0-F748-40DD-AA4D-3FE6E561960A}"
EndProject
Project("{9092AA53-FB77-4645-B42D-1CCCA6BD08BD}") = "BotAzure", "BotAzure\BotAzure.njsproj", "{1FD6E015-4581-4D91-BF9B-93A1EA557FA0}"
EndProject
Global
	GlobalSection(SolutionConfigurationPlatforms) = preSolution
		Debug|Any CPU = Debug|Any CPU
		Release|Any CPU = Release|Any CPU
	EndGlobalSection
	GlobalSection(ProjectConfigurationPlatforms) = postSolution
		{2D6649D0-F748-40DD-AA4D-3FE6E561960A}.Debug|Any CPU.ActiveCfg = Debug|Any CPU
		{2D6649D0-F748-40DD-AA4D-3FE6E561960A}.Debug|Any CPU.Build.0 = Debug|Any CPU
		{2D6649D0-F748-40DD-AA4D-3FE6E561960A}.Release|Any CPU.ActiveCfg = Release|Any CPU
		{2D6649D0-F748-40DD-AA4D-3FE6E561960A}.Release|Any CPU.Build.0 = Release|Any CPU
		{1FD6E015-4581-4D91-BF9B-93A1EA557FA0}.Debug|Any CPU.ActiveCfg = Debug|Any CPU
		{1FD6E015-4581-4D91-BF9B-93A1EA557FA0}.Debug|Any CPU.Build.0 = Debug|Any CPU
		{1FD6E015-4581-4D91-BF9B-93A1EA557FA0}.Release|Any CPU.ActiveCfg = Release|Any CPU
		{1FD6E015-4581-4D91-BF9B-93A1EA557FA0}.Release|Any CPU.Build.0 = Release|Any CPU
	EndGlobalSection
	GlobalSection(SolutionProperties) = preSolution
		HideSolutionNode = FALSE
	EndGlobalSection
EndGlobal
